{"format_version":"1.2","terraform_version":"1.7.4","variables":{"api_url":{"value":"https://api2.chatengine.io"},"aws_access_key_id":{"value":"AKIA6ODU43TXT5KVUCLE"},"aws_secret_access_key":{"value":"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"},"aws_storage_bucket_name":{"value":"chat-engine-api-production"},"db_engine_version":{"value":"12.14"},"db_host":{"value":"35.192.10.144"},"db_name":{"value":"production"},"db_password":{"value":"vwM?ka816o2eh5v*6.1"},"db_port":{"value":"5432"},"db_username":{"value":"postgres"},"domain_name":{"value":"api2.chatengine.io"},"image_tag_api":{"value":"latest"},"image_tag_ws":{"value":"latest"},"pipeline":{"value":"production"},"redis_host":{"value":"redis"},"redis_port":{"value":"6379"},"secret_key":{"value":"9_DF\"E7}8N]27)F64J6)WE8F0)(V1-J,MoiK"},"send_grid_key":{"value":"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"},"sentry_dsn_api":{"value":"https://50bac5e04d6357fa2d63f35a7d5c62a4@o480670.ingest.us.sentry.io/4507155564331008"},"sentry_dsn_ws":{"value":"https://507ae2cc5316532e14038a55d2b40c2c@o480670.ingest.us.sentry.io/4507301472305152"},"stripe_key":{"value":"sk_live_GgPXrW4GExjpQeJ3VcIJtgnv0035qK4CCF"},"stripe_light_plan":{"value":"price_1Iy2EmHsr61TBqVqZdeB1xIE"},"stripe_production_plan":{"value":"price_1I1MtlHsr61TBqVqizptqKzM"},"stripe_professional_plan":{"value":"price_1I1MtZHsr61TBqVqB7NzTA8b"},"stripe_tax_rate":{"value":"txr_1HoskuHsr61TBqVqFzuLIbH5"},"zone_id":{"value":"Z03630092POA2AW6LC9G5"}},"planned_values":{"root_module":{"resources":[{"address":"aws_acm_certificate.api_cert","mode":"managed","type":"aws_acm_certificate","name":"api_cert","provider_name":"registry.terraform.io/hashicorp/aws","schema_version":0,"values":{"certificate_authority_arn":null,"certificate_body":null,"certificate_chain":null,"domain_name":"api2.chatengine.io","domain_validation_options":[{"domain_name":"api2.chatengine.io"}],"early_renewal_duration":null,"private_key":null,"subject_alternative_names":["api2.chatengine.io"],"tags":{"Environment":"production"},"tags_all":{"Environment":"production"},"validation_method":"DNS","validation_option":[]},"sensitive_values":{"domain_validation_options":[{}],"options":[],"renewal_summary":[],"subject_alternative_names":[false],"tags":{},"tags_all":{},"validation_emails":[],"validation_option":[]}},{"address":"aws_acm_certificate_validation.api_cert_validation","mode":"managed","type":"aws_acm_certificate_validation","name":"api_cert_validation","provider_name":"registry.terraform.io/hashicorp/aws","schema_version":0,"values":{"timeouts":null},"sensitive_values":{"validation_record_fqdns":[]}},{"address":"aws_cloudwatch_log_group.ce_api_log_group","mode":"managed","type":"aws_cloudwatch_log_group","name":"ce_api_log_group","provider_name":"registry.terraform.io/hashicorp/aws","schema_version":0,"values":{"kms_key_id":null,"name":"/ecs/apichatengine","retention_in_days":1,"skip_destroy":false,"tags":null},"sensitive_values":{"tags_all":{}}},{"address":"aws_cloudwatch_log_group.ce_ws_log_group","mode":"managed","type":"aws_cloudwatch_log_group","name":"ce_ws_log_group","provider_name":"registry.terraform.io/hashicorp/aws","schema_version":0,"values":{"kms_key_id":null,"name":"/ecs/wschatengine","retention_in_days":1,"skip_destroy":false,"tags":null},"sensitive_values":{"tags_all":{}}},{"address":"aws_db_subnet_group.aurora_subnet_group","mode":"managed","type":"aws_db_subnet_group","name":"aurora_subnet_group","provider_name":"registry.terraform.io/hashicorp/aws","schema_version":0,"values":{"description":"Managed by Terraform","name":"ec-aurora-subnet-group","tags":null},"sensitive_values":{"subnet_ids":[],"supported_network_types":[],"tags_all":{}}},{"address":"aws_ecs_cluster.ce_cluster","mode":"managed","type":"aws_ecs_cluster","name":"ce_cluster","provider_name":"registry.terraform.io/hashicorp/aws","schema_version":0,"values":{"configuration":[],"name":"ce-api-cluster","service_connect_defaults":[],"tags":null},"sensitive_values":{"configuration":[],"service_connect_defaults":[],"setting":[],"tags_all":{}}},{"address":"aws_ecs_service.ce_api_service","mode":"managed","type":"aws_ecs_service","name":"ce_api_service","provider_name":"registry.terraform.io/hashicorp/aws","schema_version":0,"values":{"alarms":[],"capacity_provider_strategy":[],"deployment_circuit_breaker":[],"deployment_controller":[],"deployment_maximum_percent":200,"deployment_minimum_healthy_percent":100,"desired_count":1,"enable_ecs_managed_tags":false,"enable_execute_command":false,"force_new_deployment":null,"health_check_grace_period_seconds":null,"launch_type":"FARGATE","load_balancer":[{"container_name":"apichatengine","container_port":8080,"elb_name":""}],"name":"apichatengine-service","network_configuration":[{"assign_public_ip":true}],"ordered_placement_strategy":[],"placement_constraints":[],"propagate_tags":null,"scheduling_strategy":"REPLICA","service_connect_configuration":[],"service_registries":[],"tags":null,"timeouts":null,"wait_for_steady_state":false},"sensitive_values":{"alarms":[],"capacity_provider_strategy":[],"deployment_circuit_breaker":[],"deployment_controller":[],"load_balancer":[{}],"network_configuration":[{"security_groups":[],"subnets":[]}],"ordered_placement_strategy":[],"placement_constraints":[],"service_connect_configuration":[],"service_registries":[],"tags_all":{},"triggers":{}}},{"address":"aws_ecs_service.ce_ws_service","mode":"managed","type":"aws_ecs_service","name":"ce_ws_service","provider_name":"registry.terraform.io/hashicorp/aws","schema_version":0,"values":{"alarms":[],"capacity_provider_strategy":[],"deployment_circuit_breaker":[],"deployment_controller":[],"deployment_maximum_percent":200,"deployment_minimum_healthy_percent":100,"desired_count":1,"enable_ecs_managed_tags":false,"enable_execute_command":false,"force_new_deployment":null,"health_check_grace_period_seconds":null,"launch_type":"FARGATE","load_balancer":[{"container_name":"wschatengine","container_port":9001,"elb_name":""}],"name":"wschatengine-service","network_configuration":[{"assign_public_ip":true}],"ordered_placement_strategy":[],"placement_constraints":[],"propagate_tags":null,"scheduling_strategy":"REPLICA","service_connect_configuration":[],"service_registries":[],"tags":null,"timeouts":null,"wait_for_steady_state":false},"sensitive_values":{"alarms":[],"capacity_provider_strategy":[],"deployment_circuit_breaker":[],"deployment_controller":[],"load_balancer":[{}],"network_configuration":[{"security_groups":[],"subnets":[]}],"ordered_placement_strategy":[],"placement_constraints":[],"service_connect_configuration":[],"service_registries":[],"tags_all":{},"triggers":{}}},{"address":"aws_ecs_task_definition.ce_api_td","mode":"managed","type":"aws_ecs_task_definition","name":"ce_api_td","provider_name":"registry.terraform.io/hashicorp/aws","schema_version":1,"values":{"cpu":"256","ephemeral_storage":[],"family":"apichatengine","inference_accelerator":[],"ipc_mode":null,"memory":"512","network_mode":"awsvpc","pid_mode":null,"placement_constraints":[],"proxy_configuration":[],"requires_compatibilities":["FARGATE"],"runtime_platform":[],"skip_destroy":false,"tags":null,"task_role_arn":null,"track_latest":false,"volume":[]},"sensitive_values":{"ephemeral_storage":[],"inference_accelerator":[],"placement_constraints":[],"proxy_configuration":[],"requires_compatibilities":[false],"runtime_platform":[],"tags_all":{},"volume":[]}},{"address":"aws_ecs_task_definition.ce_ws_td","mode":"managed","type":"aws_ecs_task_definition","name":"ce_ws_td","provider_name":"registry.terraform.io/hashicorp/aws","schema_version":1,"values":{"cpu":"256","ephemeral_storage":[],"family":"wschatengine","inference_accelerator":[],"ipc_mode":null,"memory":"512","network_mode":"awsvpc","pid_mode":null,"placement_constraints":[],"proxy_configuration":[],"requires_compatibilities":["FARGATE"],"runtime_platform":[],"skip_destroy":false,"tags":null,"task_role_arn":null,"track_latest":false,"volume":[]},"sensitive_values":{"ephemeral_storage":[],"inference_accelerator":[],"placement_constraints":[],"proxy_configuration":[],"requires_compatibilities":[false],"runtime_platform":[],"tags_all":{},"volume":[]}},{"address":"aws_elasticache_cluster.redis_cluster","mode":"managed","type":"aws_elasticache_cluster","name":"redis_cluster","provider_name":"registry.terraform.io/hashicorp/aws","schema_version":0,"values":{"auto_minor_version_upgrade":"true","cluster_id":"redis-cluster","engine":"redis","final_snapshot_identifier":null,"log_delivery_configuration":[],"node_type":"cache.t3.micro","notification_topic_arn":null,"num_cache_nodes":1,"outpost_mode":null,"parameter_group_name":"default.redis7","port":6379,"preferred_availability_zones":null,"snapshot_arns":null,"snapshot_name":null,"snapshot_retention_limit":null,"subnet_group_name":"redis-subnet-group","tags":{"Name":"redis-cluster"},"tags_all":{"Name":"redis-cluster"}},"sensitive_values":{"cache_nodes":[],"log_delivery_configuration":[],"security_group_ids":[],"tags":{},"tags_all":{}}},{"address":"aws_elasticache_subnet_group.redis_subnet_group","mode":"managed","type":"aws_elasticache_subnet_group","name":"redis_subnet_group","provider_name":"registry.terraform.io/hashicorp/aws","schema_version":0,"values":{"description":"Managed by Terraform","name":"redis-subnet-group","tags":{"Name":"redis-subnet-group"},"tags_all":{"Name":"redis-subnet-group"}},"sensitive_values":{"subnet_ids":[],"tags":{},"tags_all":{}}},{"address":"aws_iam_role.ecs_task_execution_role","mode":"managed","type":"aws_iam_role","name":"ecs_task_execution_role","provider_name":"registry.terraform.io/hashicorp/aws","schema_version":0,"values":{"assume_role_policy":"{\"Statement\":[{\"Action\":\"sts:AssumeRole\",\"Effect\":\"Allow\",\"Principal\":{\"Service\":\"ecs-tasks.amazonaws.com\"}}],\"Version\":\"2012-10-17\"}","description":null,"force_detach_policies":false,"max_session_duration":3600,"name":"ecs_task_execution_role","path":"/","permissions_boundary":null,"tags":null},"sensitive_values":{"inline_policy":[],"managed_policy_arns":[],"tags_all":{}}},{"address":"aws_iam_role_policy_attachment.ecs_task_execution","mode":"managed","type":"aws_iam_role_policy_attachment","name":"ecs_task_execution","provider_name":"registry.terraform.io/hashicorp/aws","schema_version":0,"values":{"policy_arn":"arn:aws:iam::aws:policy/service-role/AmazonECSTaskExecutionRolePolicy","role":"ecs_task_execution_role"},"sensitive_values":{}},{"address":"aws_iam_role_policy_attachment.ecs_task_execution_ecr","mode":"managed","type":"aws_iam_role_policy_attachment","name":"ecs_task_execution_ecr","provider_name":"registry.terraform.io/hashicorp/aws","schema_version":0,"values":{"policy_arn":"arn:aws:iam::aws:policy/AmazonEC2ContainerRegistryReadOnly","role":"ecs_task_execution_role"},"sensitive_values":{}},{"address":"aws_internet_gateway.ce_igw","mode":"managed","type":"aws_internet_gateway","name":"ce_igw","provider_name":"registry.terraform.io/hashicorp/aws","schema_version":0,"values":{"tags":{"Name":"ce-internet-gateway"},"tags_all":{"Name":"ce-internet-gateway"},"timeouts":null},"sensitive_values":{"tags":{},"tags_all":{}}},{"address":"aws_lb.ce_alb","mode":"managed","type":"aws_lb","name":"ce_alb","provider_name":"registry.terraform.io/hashicorp/aws","schema_version":0,"values":{"access_logs":[],"client_keep_alive":3600,"connection_logs":[],"customer_owned_ipv4_pool":null,"desync_mitigation_mode":"defensive","dns_record_client_routing_policy":null,"drop_invalid_header_fields":false,"enable_cross_zone_load_balancing":null,"enable_deletion_protection":false,"enable_http2":true,"enable_tls_version_and_cipher_suite_headers":false,"enable_waf_fail_open":false,"enable_xff_client_port":false,"idle_timeout":60,"internal":false,"load_balancer_type":"application","name":"ce-alb","preserve_host_header":false,"tags":{"Name":"ce-load-balancer"},"tags_all":{"Name":"ce-load-balancer"},"timeouts":null,"xff_header_processing_mode":"append"},"sensitive_values":{"access_logs":[],"connection_logs":[],"security_groups":[],"subnet_mapping":[],"subnets":[],"tags":{},"tags_all":{}}},{"address":"aws_lb_listener.ce_api_listener","mode":"managed","type":"aws_lb_listener","name":"ce_api_listener","provider_name":"registry.terraform.io/hashicorp/aws","schema_version":0,"values":{"alpn_policy":null,"default_action":[{"authenticate_cognito":[],"authenticate_oidc":[],"fixed_response":[],"forward":[],"redirect":[],"type":"forward"}],"port":443,"protocol":"HTTPS","ssl_policy":"ELBSecurityPolicy-2016-08","tags":null,"timeouts":null},"sensitive_values":{"default_action":[{"authenticate_cognito":[],"authenticate_oidc":[],"fixed_response":[],"forward":[],"redirect":[]}],"mutual_authentication":[],"tags_all":{}}},{"address":"aws_lb_listener_rule.ce_api_listener_rule","mode":"managed","type":"aws_lb_listener_rule","name":"ce_api_listener_rule","provider_name":"registry.terraform.io/hashicorp/aws","schema_version":0,"values":{"action":[{"authenticate_cognito":[],"authenticate_oidc":[],"fixed_response":[],"forward":[],"redirect":[],"type":"forward"}],"condition":[{"host_header":[],"http_header":[],"http_request_method":[],"path_pattern":[{"values":["/*"]}],"query_string":[],"source_ip":[]}],"priority":100,"tags":null},"sensitive_values":{"action":[{"authenticate_cognito":[],"authenticate_oidc":[],"fixed_response":[],"forward":[],"redirect":[]}],"condition":[{"host_header":[],"http_header":[],"http_request_method":[],"path_pattern":[{"values":[false]}],"query_string":[],"source_ip":[]}],"tags_all":{}}},{"address":"aws_lb_listener_rule.ce_ws_listener_rule","mode":"managed","type":"aws_lb_listener_rule","name":"ce_ws_listener_rule","provider_name":"registry.terraform.io/hashicorp/aws","schema_version":0,"values":{"action":[{"authenticate_cognito":[],"authenticate_oidc":[],"fixed_response":[],"forward":[],"redirect":[],"type":"forward"}],"condition":[{"host_header":[],"http_header":[],"http_request_method":[],"path_pattern":[{"values":["/chat/*","/person_v4/*"]}],"query_string":[],"source_ip":[]}],"priority":90,"tags":null},"sensitive_values":{"action":[{"authenticate_cognito":[],"authenticate_oidc":[],"fixed_response":[],"forward":[],"redirect":[]}],"condition":[{"host_header":[],"http_header":[],"http_request_method":[],"path_pattern":[{"values":[false,false]}],"query_string":[],"source_ip":[]}],"tags_all":{}}},{"address":"aws_lb_target_group.ce_api_tg","mode":"managed","type":"aws_lb_target_group","name":"ce_api_tg","provider_name":"registry.terraform.io/hashicorp/aws","schema_version":0,"values":{"deregistration_delay":"300","health_check":[{"enabled":true,"healthy_threshold":2,"interval":30,"matcher":"200","path":"/health/","port":"8080","protocol":"HTTP","timeout":5,"unhealthy_threshold":2}],"lambda_multi_value_headers_enabled":false,"name":"apichatengine-target-group","port":8080,"protocol":"HTTP","proxy_protocol_v2":false,"slow_start":0,"tags":{"Name":"apichatengine-target-group"},"tags_all":{"Name":"apichatengine-target-group"},"target_type":"ip"},"sensitive_values":{"health_check":[{}],"load_balancer_arns":[],"stickiness":[],"tags":{},"tags_all":{},"target_failover":[],"target_health_state":[]}},{"address":"aws_lb_target_group.ce_ws_tg","mode":"managed","type":"aws_lb_target_group","name":"ce_ws_tg","provider_name":"registry.terraform.io/hashicorp/aws","schema_version":0,"values":{"deregistration_delay":"300","health_check":[{"enabled":true,"healthy_threshold":2,"interval":30,"matcher":"200","path":"/health/","port":"9001","protocol":"HTTP","timeout":5,"unhealthy_threshold":2}],"lambda_multi_value_headers_enabled":false,"name":"ws-target-group","port":9001,"protocol":"HTTP","proxy_protocol_v2":false,"slow_start":0,"tags":{"Name":"ws-target-group"},"tags_all":{"Name":"ws-target-group"},"target_type":"ip"},"sensitive_values":{"health_check":[{}],"load_balancer_arns":[],"stickiness":[],"tags":{},"tags_all":{},"target_failover":[],"target_health_state":[]}},{"address":"aws_rds_cluster.aurora_cluster","mode":"managed","type":"aws_rds_cluster","name":"aurora_cluster","provider_name":"registry.terraform.io/hashicorp/aws","schema_version":1,"values":{"allow_major_version_upgrade":null,"backtrack_window":null,"cluster_identifier":"ce-aurora-cluster","copy_tags_to_snapshot":false,"database_name":"production","db_cluster_instance_class":null,"db_instance_parameter_group_name":null,"db_subnet_group_name":"ec-aurora-subnet-group","delete_automated_backups":true,"deletion_protection":true,"domain":null,"domain_iam_role_name":null,"enable_global_write_forwarding":false,"enable_http_endpoint":false,"enable_local_write_forwarding":false,"enabled_cloudwatch_logs_exports":null,"engine":"aurora-postgresql","engine_mode":"provisioned","engine_version":"12.14","final_snapshot_identifier":null,"global_cluster_identifier":null,"iam_database_authentication_enabled":null,"iops":null,"manage_master_user_password":null,"master_password":"vwM?ka816o2eh5v*6.1","master_username":"postgres","replication_source_identifier":null,"restore_to_point_in_time":[],"s3_import":[],"scaling_configuration":[],"serverlessv2_scaling_configuration":[],"skip_final_snapshot":false,"snapshot_identifier":null,"source_region":null,"tags":null,"timeouts":null},"sensitive_values":{"availability_zones":[],"cluster_members":[],"iam_roles":[],"master_user_secret":[],"restore_to_point_in_time":[],"s3_import":[],"scaling_configuration":[],"serverlessv2_scaling_configuration":[],"tags_all":{},"vpc_security_group_ids":[]}},{"address":"aws_rds_cluster_instance.aurora_instance","mode":"managed","type":"aws_rds_cluster_instance","name":"aurora_instance","provider_name":"registry.terraform.io/hashicorp/aws","schema_version":0,"values":{"auto_minor_version_upgrade":true,"copy_tags_to_snapshot":false,"custom_iam_instance_profile":null,"engine":"aurora-postgresql","engine_version":"12.14","instance_class":"db.t3.medium","monitoring_interval":0,"promotion_tier":0,"publicly_accessible":true,"tags":null,"timeouts":null},"sensitive_values":{"tags_all":{}}},{"address":"aws_route53_record.api_cert_validation","mode":"managed","type":"aws_route53_record","name":"api_cert_validation","provider_name":"registry.terraform.io/hashicorp/aws","schema_version":2,"values":{"alias":[],"cidr_routing_policy":[],"failover_routing_policy":[],"geolocation_routing_policy":[],"geoproximity_routing_policy":[],"health_check_id":null,"latency_routing_policy":[],"multivalue_answer_routing_policy":null,"set_identifier":null,"ttl":60,"weighted_routing_policy":[],"zone_id":"Z03630092POA2AW6LC9G5"},"sensitive_values":{"alias":[],"cidr_routing_policy":[],"failover_routing_policy":[],"geolocation_routing_policy":[],"geoproximity_routing_policy":[],"latency_routing_policy":[],"records":[],"weighted_routing_policy":[]}},{"address":"aws_route53_record.api_dns","mode":"managed","type":"aws_route53_record","name":"api_dns","provider_name":"registry.terraform.io/hashicorp/aws","schema_version":2,"values":{"alias":[{"evaluate_target_health":true}],"cidr_routing_policy":[],"failover_routing_policy":[],"geolocation_routing_policy":[],"geoproximity_routing_policy":[],"health_check_id":null,"latency_routing_policy":[],"multivalue_answer_routing_policy":null,"name":"api2.chatengine.io","records":null,"set_identifier":null,"ttl":null,"type":"A","weighted_routing_policy":[],"zone_id":"Z03630092POA2AW6LC9G5"},"sensitive_values":{"alias":[{}],"cidr_routing_policy":[],"failover_routing_policy":[],"geolocation_routing_policy":[],"geoproximity_routing_policy":[],"latency_routing_policy":[],"weighted_routing_policy":[]}},{"address":"aws_route_table.ce_route_table","mode":"managed","type":"aws_route_table","name":"ce_route_table","provider_name":"registry.terraform.io/hashicorp/aws","schema_version":0,"values":{"route":[{"carrier_gateway_id":"","cidr_block":"0.0.0.0/0","core_network_arn":"","destination_prefix_list_id":"","egress_only_gateway_id":"","ipv6_cidr_block":"","local_gateway_id":"","nat_gateway_id":"","network_interface_id":"","transit_gateway_id":"","vpc_endpoint_id":"","vpc_peering_connection_id":""}],"tags":{"Name":"ce-route-table"},"tags_all":{"Name":"ce-route-table"},"timeouts":null},"sensitive_values":{"propagating_vgws":[],"route":[{}],"tags":{},"tags_all":{}}},{"address":"aws_route_table_association.ce_rta1","mode":"managed","type":"aws_route_table_association","name":"ce_rta1","provider_name":"registry.terraform.io/hashicorp/aws","schema_version":0,"values":{"gateway_id":null,"timeouts":null},"sensitive_values":{}},{"address":"aws_route_table_association.ce_rta2","mode":"managed","type":"aws_route_table_association","name":"ce_rta2","provider_name":"registry.terraform.io/hashicorp/aws","schema_version":0,"values":{"gateway_id":null,"timeouts":null},"sensitive_values":{}},{"address":"aws_security_group.db_sg","mode":"managed","type":"aws_security_group","name":"db_sg","provider_name":"registry.terraform.io/hashicorp/aws","schema_version":1,"values":{"description":"Allow public access to Postgres","egress":[{"cidr_blocks":["0.0.0.0/0"],"description":"","from_port":0,"ipv6_cidr_blocks":[],"prefix_list_ids":[],"protocol":"-1","security_groups":[],"self":false,"to_port":0}],"ingress":[{"cidr_blocks":["0.0.0.0/0"],"description":"","from_port":5432,"ipv6_cidr_blocks":[],"prefix_list_ids":[],"protocol":"tcp","security_groups":[],"self":false,"to_port":5432}],"name":"ce-public-postgres-sg","revoke_rules_on_delete":false,"tags":null,"timeouts":null},"sensitive_values":{"egress":[{"cidr_blocks":[false],"ipv6_cidr_blocks":[],"prefix_list_ids":[],"security_groups":[]}],"ingress":[{"cidr_blocks":[false],"ipv6_cidr_blocks":[],"prefix_list_ids":[],"security_groups":[]}],"tags_all":{}}},{"address":"aws_security_group.external_sg","mode":"managed","type":"aws_security_group","name":"external_sg","provider_name":"registry.terraform.io/hashicorp/aws","schema_version":1,"values":{"description":"Security group for HTTPS access","egress":[{"cidr_blocks":["0.0.0.0/0"],"description":"Allow all outbound traffic","from_port":0,"ipv6_cidr_blocks":[],"prefix_list_ids":[],"protocol":"-1","security_groups":[],"self":false,"to_port":0}],"ingress":[{"cidr_blocks":["0.0.0.0/0"],"description":"Allow HTTPS inbound traffic","from_port":443,"ipv6_cidr_blocks":[],"prefix_list_ids":[],"protocol":"tcp","security_groups":[],"self":false,"to_port":443}],"name":"ce-external-sg","revoke_rules_on_delete":false,"tags":{"Name":"HTTPS (External) Security Group"},"tags_all":{"Name":"HTTPS (External) Security Group"},"timeouts":null},"sensitive_values":{"egress":[{"cidr_blocks":[false],"ipv6_cidr_blocks":[],"prefix_list_ids":[],"security_groups":[]}],"ingress":[{"cidr_blocks":[false],"ipv6_cidr_blocks":[],"prefix_list_ids":[],"security_groups":[]}],"tags":{},"tags_all":{}}},{"address":"aws_security_group.internal_sg","mode":"managed","type":"aws_security_group","name":"internal_sg","provider_name":"registry.terraform.io/hashicorp/aws","schema_version":1,"values":{"description":"Security group for internal networking","egress":[{"cidr_blocks":["0.0.0.0/0"],"description":"Allow all outbound traffic","from_port":0,"ipv6_cidr_blocks":[],"prefix_list_ids":[],"protocol":"-1","security_groups":[],"self":false,"to_port":0}],"ingress":[{"cidr_blocks":["10.0.0.0/16"],"description":"Allow all inbound traffic","from_port":0,"ipv6_cidr_blocks":[],"prefix_list_ids":[],"protocol":"-1","security_groups":[],"self":false,"to_port":0}],"name":"ce-internal-sg","revoke_rules_on_delete":false,"tags":{"Name":"All (Internal) Security Group"},"tags_all":{"Name":"All (Internal) Security Group"},"timeouts":null},"sensitive_values":{"egress":[{"cidr_blocks":[false],"ipv6_cidr_blocks":[],"prefix_list_ids":[],"security_groups":[]}],"ingress":[{"cidr_blocks":[false],"ipv6_cidr_blocks":[],"prefix_list_ids":[],"security_groups":[]}],"tags":{},"tags_all":{}}},{"address":"aws_subnet.subnet1","mode":"managed","type":"aws_subnet","name":"subnet1","provider_name":"registry.terraform.io/hashicorp/aws","schema_version":1,"values":{"assign_ipv6_address_on_creation":false,"availability_zone":"us-east-1a","cidr_block":"10.0.1.0/24","customer_owned_ipv4_pool":null,"enable_dns64":false,"enable_lni_at_device_index":null,"enable_resource_name_dns_a_record_on_launch":false,"enable_resource_name_dns_aaaa_record_on_launch":false,"ipv6_cidr_block":null,"ipv6_native":false,"map_customer_owned_ip_on_launch":null,"map_public_ip_on_launch":true,"outpost_arn":null,"tags":{"Name":"ce-public-subnet1"},"tags_all":{"Name":"ce-public-subnet1"},"timeouts":null},"sensitive_values":{"tags":{},"tags_all":{}}},{"address":"aws_subnet.subnet2","mode":"managed","type":"aws_subnet","name":"subnet2","provider_name":"registry.terraform.io/hashicorp/aws","schema_version":1,"values":{"assign_ipv6_address_on_creation":false,"availability_zone":"us-east-1b","cidr_block":"10.0.2.0/24","customer_owned_ipv4_pool":null,"enable_dns64":false,"enable_lni_at_device_index":null,"enable_resource_name_dns_a_record_on_launch":false,"enable_resource_name_dns_aaaa_record_on_launch":false,"ipv6_cidr_block":null,"ipv6_native":false,"map_customer_owned_ip_on_launch":null,"map_public_ip_on_launch":true,"outpost_arn":null,"tags":{"Name":"ce-public-subnet2"},"tags_all":{"Name":"ce-public-subnet2"},"timeouts":null},"sensitive_values":{"tags":{},"tags_all":{}}},{"address":"aws_vpc.ce_vpc","mode":"managed","type":"aws_vpc","name":"ce_vpc","provider_name":"registry.terraform.io/hashicorp/aws","schema_version":1,"values":{"assign_generated_ipv6_cidr_block":null,"cidr_block":"10.0.0.0/16","enable_dns_hostnames":true,"enable_dns_support":true,"instance_tenancy":"default","ipv4_ipam_pool_id":null,"ipv4_netmask_length":null,"ipv6_ipam_pool_id":null,"ipv6_netmask_length":null,"tags":{"Name":"ce-vpc"},"tags_all":{"Name":"ce-vpc"}},"sensitive_values":{"tags":{},"tags_all":{}}}]}},"resource_changes":[{"address":"aws_acm_certificate.api_cert","mode":"managed","type":"aws_acm_certificate","name":"api_cert","provider_name":"registry.terraform.io/hashicorp/aws","change":{"actions":["create"],"before":null,"after":{"certificate_authority_arn":null,"certificate_body":null,"certificate_chain":null,"domain_name":"api2.chatengine.io","domain_validation_options":[{"domain_name":"api2.chatengine.io"}],"early_renewal_duration":null,"private_key":null,"subject_alternative_names":["api2.chatengine.io"],"tags":{"Environment":"production"},"tags_all":{"Environment":"production"},"validation_method":"DNS","validation_option":[]},"after_unknown":{"arn":true,"domain_validation_options":[{"resource_record_name":true,"resource_record_type":true,"resource_record_value":true}],"id":true,"key_algorithm":true,"not_after":true,"not_before":true,"options":true,"pending_renewal":true,"renewal_eligibility":true,"renewal_summary":true,"status":true,"subject_alternative_names":[false],"tags":{},"tags_all":{},"type":true,"validation_emails":true,"validation_option":[]},"before_sensitive":false,"after_sensitive":{"domain_validation_options":[{}],"options":[],"private_key":true,"renewal_summary":[],"subject_alternative_names":[false],"tags":{},"tags_all":{},"validation_emails":[],"validation_option":[]}}},{"address":"aws_acm_certificate_validation.api_cert_validation","mode":"managed","type":"aws_acm_certificate_validation","name":"api_cert_validation","provider_name":"registry.terraform.io/hashicorp/aws","change":{"actions":["create"],"before":null,"after":{"timeouts":null},"after_unknown":{"certificate_arn":true,"id":true,"validation_record_fqdns":true},"before_sensitive":false,"after_sensitive":{"validation_record_fqdns":[]}}},{"address":"aws_cloudwatch_log_group.ce_api_log_group","mode":"managed","type":"aws_cloudwatch_log_group","name":"ce_api_log_group","provider_name":"registry.terraform.io/hashicorp/aws","change":{"actions":["create"],"before":null,"after":{"kms_key_id":null,"name":"/ecs/apichatengine","retention_in_days":1,"skip_destroy":false,"tags":null},"after_unknown":{"arn":true,"id":true,"log_group_class":true,"name_prefix":true,"tags_all":true},"before_sensitive":false,"after_sensitive":{"tags_all":{}}}},{"address":"aws_cloudwatch_log_group.ce_ws_log_group","mode":"managed","type":"aws_cloudwatch_log_group","name":"ce_ws_log_group","provider_name":"registry.terraform.io/hashicorp/aws","change":{"actions":["create"],"before":null,"after":{"kms_key_id":null,"name":"/ecs/wschatengine","retention_in_days":1,"skip_destroy":false,"tags":null},"after_unknown":{"arn":true,"id":true,"log_group_class":true,"name_prefix":true,"tags_all":true},"before_sensitive":false,"after_sensitive":{"tags_all":{}}}},{"address":"aws_db_subnet_group.aurora_subnet_group","mode":"managed","type":"aws_db_subnet_group","name":"aurora_subnet_group","provider_name":"registry.terraform.io/hashicorp/aws","change":{"actions":["create"],"before":null,"after":{"description":"Managed by Terraform","name":"ec-aurora-subnet-group","tags":null},"after_unknown":{"arn":true,"id":true,"name_prefix":true,"subnet_ids":true,"supported_network_types":true,"tags_all":true,"vpc_id":true},"before_sensitive":false,"after_sensitive":{"subnet_ids":[],"supported_network_types":[],"tags_all":{}}}},{"address":"aws_ecs_cluster.ce_cluster","mode":"managed","type":"aws_ecs_cluster","name":"ce_cluster","provider_name":"registry.terraform.io/hashicorp/aws","change":{"actions":["create"],"before":null,"after":{"configuration":[],"name":"ce-api-cluster","service_connect_defaults":[],"tags":null},"after_unknown":{"arn":true,"configuration":[],"id":true,"service_connect_defaults":[],"setting":true,"tags_all":true},"before_sensitive":false,"after_sensitive":{"configuration":[],"service_connect_defaults":[],"setting":[],"tags_all":{}}}},{"address":"aws_ecs_service.ce_api_service","mode":"managed","type":"aws_ecs_service","name":"ce_api_service","provider_name":"registry.terraform.io/hashicorp/aws","change":{"actions":["create"],"before":null,"after":{"alarms":[],"capacity_provider_strategy":[],"deployment_circuit_breaker":[],"deployment_controller":[],"deployment_maximum_percent":200,"deployment_minimum_healthy_percent":100,"desired_count":1,"enable_ecs_managed_tags":false,"enable_execute_command":false,"force_new_deployment":null,"health_check_grace_period_seconds":null,"launch_type":"FARGATE","load_balancer":[{"container_name":"apichatengine","container_port":8080,"elb_name":""}],"name":"apichatengine-service","network_configuration":[{"assign_public_ip":true}],"ordered_placement_strategy":[],"placement_constraints":[],"propagate_tags":null,"scheduling_strategy":"REPLICA","service_connect_configuration":[],"service_registries":[],"tags":null,"timeouts":null,"wait_for_steady_state":false},"after_unknown":{"alarms":[],"capacity_provider_strategy":[],"cluster":true,"deployment_circuit_breaker":[],"deployment_controller":[],"iam_role":true,"id":true,"load_balancer":[{"target_group_arn":true}],"network_configuration":[{"security_groups":true,"subnets":true}],"ordered_placement_strategy":[],"placement_constraints":[],"platform_version":true,"service_connect_configuration":[],"service_registries":[],"tags_all":true,"task_definition":true,"triggers":true},"before_sensitive":false,"after_sensitive":{"alarms":[],"capacity_provider_strategy":[],"deployment_circuit_breaker":[],"deployment_controller":[],"load_balancer":[{}],"network_configuration":[{"security_groups":[],"subnets":[]}],"ordered_placement_strategy":[],"placement_constraints":[],"service_connect_configuration":[],"service_registries":[],"tags_all":{},"triggers":{}}}},{"address":"aws_ecs_service.ce_ws_service","mode":"managed","type":"aws_ecs_service","name":"ce_ws_service","provider_name":"registry.terraform.io/hashicorp/aws","change":{"actions":["create"],"before":null,"after":{"alarms":[],"capacity_provider_strategy":[],"deployment_circuit_breaker":[],"deployment_controller":[],"deployment_maximum_percent":200,"deployment_minimum_healthy_percent":100,"desired_count":1,"enable_ecs_managed_tags":false,"enable_execute_command":false,"force_new_deployment":null,"health_check_grace_period_seconds":null,"launch_type":"FARGATE","load_balancer":[{"container_name":"wschatengine","container_port":9001,"elb_name":""}],"name":"wschatengine-service","network_configuration":[{"assign_public_ip":true}],"ordered_placement_strategy":[],"placement_constraints":[],"propagate_tags":null,"scheduling_strategy":"REPLICA","service_connect_configuration":[],"service_registries":[],"tags":null,"timeouts":null,"wait_for_steady_state":false},"after_unknown":{"alarms":[],"capacity_provider_strategy":[],"cluster":true,"deployment_circuit_breaker":[],"deployment_controller":[],"iam_role":true,"id":true,"load_balancer":[{"target_group_arn":true}],"network_configuration":[{"security_groups":true,"subnets":true}],"ordered_placement_strategy":[],"placement_constraints":[],"platform_version":true,"service_connect_configuration":[],"service_registries":[],"tags_all":true,"task_definition":true,"triggers":true},"before_sensitive":false,"after_sensitive":{"alarms":[],"capacity_provider_strategy":[],"deployment_circuit_breaker":[],"deployment_controller":[],"load_balancer":[{}],"network_configuration":[{"security_groups":[],"subnets":[]}],"ordered_placement_strategy":[],"placement_constraints":[],"service_connect_configuration":[],"service_registries":[],"tags_all":{},"triggers":{}}}},{"address":"aws_ecs_task_definition.ce_api_td","mode":"managed","type":"aws_ecs_task_definition","name":"ce_api_td","provider_name":"registry.terraform.io/hashicorp/aws","change":{"actions":["create"],"before":null,"after":{"cpu":"256","ephemeral_storage":[],"family":"apichatengine","inference_accelerator":[],"ipc_mode":null,"memory":"512","network_mode":"awsvpc","pid_mode":null,"placement_constraints":[],"proxy_configuration":[],"requires_compatibilities":["FARGATE"],"runtime_platform":[],"skip_destroy":false,"tags":null,"task_role_arn":null,"track_latest":false,"volume":[]},"after_unknown":{"arn":true,"arn_without_revision":true,"container_definitions":true,"ephemeral_storage":[],"execution_role_arn":true,"id":true,"inference_accelerator":[],"placement_constraints":[],"proxy_configuration":[],"requires_compatibilities":[false],"revision":true,"runtime_platform":[],"tags_all":true,"volume":[]},"before_sensitive":false,"after_sensitive":{"ephemeral_storage":[],"inference_accelerator":[],"placement_constraints":[],"proxy_configuration":[],"requires_compatibilities":[false],"runtime_platform":[],"tags_all":{},"volume":[]}}},{"address":"aws_ecs_task_definition.ce_ws_td","mode":"managed","type":"aws_ecs_task_definition","name":"ce_ws_td","provider_name":"registry.terraform.io/hashicorp/aws","change":{"actions":["create"],"before":null,"after":{"cpu":"256","ephemeral_storage":[],"family":"wschatengine","inference_accelerator":[],"ipc_mode":null,"memory":"512","network_mode":"awsvpc","pid_mode":null,"placement_constraints":[],"proxy_configuration":[],"requires_compatibilities":["FARGATE"],"runtime_platform":[],"skip_destroy":false,"tags":null,"task_role_arn":null,"track_latest":false,"volume":[]},"after_unknown":{"arn":true,"arn_without_revision":true,"container_definitions":true,"ephemeral_storage":[],"execution_role_arn":true,"id":true,"inference_accelerator":[],"placement_constraints":[],"proxy_configuration":[],"requires_compatibilities":[false],"revision":true,"runtime_platform":[],"tags_all":true,"volume":[]},"before_sensitive":false,"after_sensitive":{"ephemeral_storage":[],"inference_accelerator":[],"placement_constraints":[],"proxy_configuration":[],"requires_compatibilities":[false],"runtime_platform":[],"tags_all":{},"volume":[]}}},{"address":"aws_elasticache_cluster.redis_cluster","mode":"managed","type":"aws_elasticache_cluster","name":"redis_cluster","provider_name":"registry.terraform.io/hashicorp/aws","change":{"actions":["create"],"before":null,"after":{"auto_minor_version_upgrade":"true","cluster_id":"redis-cluster","engine":"redis","final_snapshot_identifier":null,"log_delivery_configuration":[],"node_type":"cache.t3.micro","notification_topic_arn":null,"num_cache_nodes":1,"outpost_mode":null,"parameter_group_name":"default.redis7","port":6379,"preferred_availability_zones":null,"snapshot_arns":null,"snapshot_name":null,"snapshot_retention_limit":null,"subnet_group_name":"redis-subnet-group","tags":{"Name":"redis-cluster"},"tags_all":{"Name":"redis-cluster"}},"after_unknown":{"apply_immediately":true,"arn":true,"availability_zone":true,"az_mode":true,"cache_nodes":true,"cluster_address":true,"configuration_endpoint":true,"engine_version":true,"engine_version_actual":true,"id":true,"ip_discovery":true,"log_delivery_configuration":[],"maintenance_window":true,"network_type":true,"preferred_outpost_arn":true,"replication_group_id":true,"security_group_ids":true,"snapshot_window":true,"tags":{},"tags_all":{},"transit_encryption_enabled":true},"before_sensitive":false,"after_sensitive":{"cache_nodes":[],"log_delivery_configuration":[],"security_group_ids":[],"tags":{},"tags_all":{}}}},{"address":"aws_elasticache_subnet_group.redis_subnet_group","mode":"managed","type":"aws_elasticache_subnet_group","name":"redis_subnet_group","provider_name":"registry.terraform.io/hashicorp/aws","change":{"actions":["create"],"before":null,"after":{"description":"Managed by Terraform","name":"redis-subnet-group","tags":{"Name":"redis-subnet-group"},"tags_all":{"Name":"redis-subnet-group"}},"after_unknown":{"arn":true,"id":true,"subnet_ids":true,"tags":{},"tags_all":{},"vpc_id":true},"before_sensitive":false,"after_sensitive":{"subnet_ids":[],"tags":{},"tags_all":{}}}},{"address":"aws_iam_role.ecs_task_execution_role","mode":"managed","type":"aws_iam_role","name":"ecs_task_execution_role","provider_name":"registry.terraform.io/hashicorp/aws","change":{"actions":["create"],"before":null,"after":{"assume_role_policy":"{\"Statement\":[{\"Action\":\"sts:AssumeRole\",\"Effect\":\"Allow\",\"Principal\":{\"Service\":\"ecs-tasks.amazonaws.com\"}}],\"Version\":\"2012-10-17\"}","description":null,"force_detach_policies":false,"max_session_duration":3600,"name":"ecs_task_execution_role","path":"/","permissions_boundary":null,"tags":null},"after_unknown":{"arn":true,"create_date":true,"id":true,"inline_policy":true,"managed_policy_arns":true,"name_prefix":true,"tags_all":true,"unique_id":true},"before_sensitive":false,"after_sensitive":{"inline_policy":[],"managed_policy_arns":[],"tags_all":{}}}},{"address":"aws_iam_role_policy_attachment.ecs_task_execution","mode":"managed","type":"aws_iam_role_policy_attachment","name":"ecs_task_execution","provider_name":"registry.terraform.io/hashicorp/aws","change":{"actions":["create"],"before":null,"after":{"policy_arn":"arn:aws:iam::aws:policy/service-role/AmazonECSTaskExecutionRolePolicy","role":"ecs_task_execution_role"},"after_unknown":{"id":true},"before_sensitive":false,"after_sensitive":{}}},{"address":"aws_iam_role_policy_attachment.ecs_task_execution_ecr","mode":"managed","type":"aws_iam_role_policy_attachment","name":"ecs_task_execution_ecr","provider_name":"registry.terraform.io/hashicorp/aws","change":{"actions":["create"],"before":null,"after":{"policy_arn":"arn:aws:iam::aws:policy/AmazonEC2ContainerRegistryReadOnly","role":"ecs_task_execution_role"},"after_unknown":{"id":true},"before_sensitive":false,"after_sensitive":{}}},{"address":"aws_internet_gateway.ce_igw","mode":"managed","type":"aws_internet_gateway","name":"ce_igw","provider_name":"registry.terraform.io/hashicorp/aws","change":{"actions":["create"],"before":null,"after":{"tags":{"Name":"ce-internet-gateway"},"tags_all":{"Name":"ce-internet-gateway"},"timeouts":null},"after_unknown":{"arn":true,"id":true,"owner_id":true,"tags":{},"tags_all":{},"vpc_id":true},"before_sensitive":false,"after_sensitive":{"tags":{},"tags_all":{}}}},{"address":"aws_lb.ce_alb","mode":"managed","type":"aws_lb","name":"ce_alb","provider_name":"registry.terraform.io/hashicorp/aws","change":{"actions":["create"],"before":null,"after":{"access_logs":[],"client_keep_alive":3600,"connection_logs":[],"customer_owned_ipv4_pool":null,"desync_mitigation_mode":"defensive","dns_record_client_routing_policy":null,"drop_invalid_header_fields":false,"enable_cross_zone_load_balancing":null,"enable_deletion_protection":false,"enable_http2":true,"enable_tls_version_and_cipher_suite_headers":false,"enable_waf_fail_open":false,"enable_xff_client_port":false,"idle_timeout":60,"internal":false,"load_balancer_type":"application","name":"ce-alb","preserve_host_header":false,"tags":{"Name":"ce-load-balancer"},"tags_all":{"Name":"ce-load-balancer"},"timeouts":null,"xff_header_processing_mode":"append"},"after_unknown":{"access_logs":[],"arn":true,"arn_suffix":true,"connection_logs":[],"dns_name":true,"enforce_security_group_inbound_rules_on_private_link_traffic":true,"id":true,"ip_address_type":true,"name_prefix":true,"security_groups":true,"subnet_mapping":true,"subnets":true,"tags":{},"tags_all":{},"vpc_id":true,"zone_id":true},"before_sensitive":false,"after_sensitive":{"access_logs":[],"connection_logs":[],"security_groups":[],"subnet_mapping":[],"subnets":[],"tags":{},"tags_all":{}}}},{"address":"aws_lb_listener.ce_api_listener","mode":"managed","type":"aws_lb_listener","name":"ce_api_listener","provider_name":"registry.terraform.io/hashicorp/aws","change":{"actions":["create"],"before":null,"after":{"alpn_policy":null,"default_action":[{"authenticate_cognito":[],"authenticate_oidc":[],"fixed_response":[],"forward":[],"redirect":[],"type":"forward"}],"port":443,"protocol":"HTTPS","ssl_policy":"ELBSecurityPolicy-2016-08","tags":null,"timeouts":null},"after_unknown":{"arn":true,"certificate_arn":true,"default_action":[{"authenticate_cognito":[],"authenticate_oidc":[],"fixed_response":[],"forward":[],"order":true,"redirect":[],"target_group_arn":true}],"id":true,"load_balancer_arn":true,"mutual_authentication":true,"tags_all":true},"before_sensitive":false,"after_sensitive":{"default_action":[{"authenticate_cognito":[],"authenticate_oidc":[],"fixed_response":[],"forward":[],"redirect":[]}],"mutual_authentication":[],"tags_all":{}}}},{"address":"aws_lb_listener_rule.ce_api_listener_rule","mode":"managed","type":"aws_lb_listener_rule","name":"ce_api_listener_rule","provider_name":"registry.terraform.io/hashicorp/aws","change":{"actions":["create"],"before":null,"after":{"action":[{"authenticate_cognito":[],"authenticate_oidc":[],"fixed_response":[],"forward":[],"redirect":[],"type":"forward"}],"condition":[{"host_header":[],"http_header":[],"http_request_method":[],"path_pattern":[{"values":["/*"]}],"query_string":[],"source_ip":[]}],"priority":100,"tags":null},"after_unknown":{"action":[{"authenticate_cognito":[],"authenticate_oidc":[],"fixed_response":[],"forward":[],"order":true,"redirect":[],"target_group_arn":true}],"arn":true,"condition":[{"host_header":[],"http_header":[],"http_request_method":[],"path_pattern":[{"values":[false]}],"query_string":[],"source_ip":[]}],"id":true,"listener_arn":true,"tags_all":true},"before_sensitive":false,"after_sensitive":{"action":[{"authenticate_cognito":[],"authenticate_oidc":[],"fixed_response":[],"forward":[],"redirect":[]}],"condition":[{"host_header":[],"http_header":[],"http_request_method":[],"path_pattern":[{"values":[false]}],"query_string":[],"source_ip":[]}],"tags_all":{}}}},{"address":"aws_lb_listener_rule.ce_ws_listener_rule","mode":"managed","type":"aws_lb_listener_rule","name":"ce_ws_listener_rule","provider_name":"registry.terraform.io/hashicorp/aws","change":{"actions":["create"],"before":null,"after":{"action":[{"authenticate_cognito":[],"authenticate_oidc":[],"fixed_response":[],"forward":[],"redirect":[],"type":"forward"}],"condition":[{"host_header":[],"http_header":[],"http_request_method":[],"path_pattern":[{"values":["/chat/*","/person_v4/*"]}],"query_string":[],"source_ip":[]}],"priority":90,"tags":null},"after_unknown":{"action":[{"authenticate_cognito":[],"authenticate_oidc":[],"fixed_response":[],"forward":[],"order":true,"redirect":[],"target_group_arn":true}],"arn":true,"condition":[{"host_header":[],"http_header":[],"http_request_method":[],"path_pattern":[{"values":[false,false]}],"query_string":[],"source_ip":[]}],"id":true,"listener_arn":true,"tags_all":true},"before_sensitive":false,"after_sensitive":{"action":[{"authenticate_cognito":[],"authenticate_oidc":[],"fixed_response":[],"forward":[],"redirect":[]}],"condition":[{"host_header":[],"http_header":[],"http_request_method":[],"path_pattern":[{"values":[false,false]}],"query_string":[],"source_ip":[]}],"tags_all":{}}}},{"address":"aws_lb_target_group.ce_api_tg","mode":"managed","type":"aws_lb_target_group","name":"ce_api_tg","provider_name":"registry.terraform.io/hashicorp/aws","change":{"actions":["create"],"before":null,"after":{"deregistration_delay":"300","health_check":[{"enabled":true,"healthy_threshold":2,"interval":30,"matcher":"200","path":"/health/","port":"8080","protocol":"HTTP","timeout":5,"unhealthy_threshold":2}],"lambda_multi_value_headers_enabled":false,"name":"apichatengine-target-group","port":8080,"protocol":"HTTP","proxy_protocol_v2":false,"slow_start":0,"tags":{"Name":"apichatengine-target-group"},"tags_all":{"Name":"apichatengine-target-group"},"target_type":"ip"},"after_unknown":{"arn":true,"arn_suffix":true,"connection_termination":true,"health_check":[{}],"id":true,"ip_address_type":true,"load_balancer_arns":true,"load_balancing_algorithm_type":true,"load_balancing_anomaly_mitigation":true,"load_balancing_cross_zone_enabled":true,"name_prefix":true,"preserve_client_ip":true,"protocol_version":true,"stickiness":true,"tags":{},"tags_all":{},"target_failover":true,"target_health_state":true,"vpc_id":true},"before_sensitive":false,"after_sensitive":{"health_check":[{}],"load_balancer_arns":[],"stickiness":[],"tags":{},"tags_all":{},"target_failover":[],"target_health_state":[]}}},{"address":"aws_lb_target_group.ce_ws_tg","mode":"managed","type":"aws_lb_target_group","name":"ce_ws_tg","provider_name":"registry.terraform.io/hashicorp/aws","change":{"actions":["create"],"before":null,"after":{"deregistration_delay":"300","health_check":[{"enabled":true,"healthy_threshold":2,"interval":30,"matcher":"200","path":"/health/","port":"9001","protocol":"HTTP","timeout":5,"unhealthy_threshold":2}],"lambda_multi_value_headers_enabled":false,"name":"ws-target-group","port":9001,"protocol":"HTTP","proxy_protocol_v2":false,"slow_start":0,"tags":{"Name":"ws-target-group"},"tags_all":{"Name":"ws-target-group"},"target_type":"ip"},"after_unknown":{"arn":true,"arn_suffix":true,"connection_termination":true,"health_check":[{}],"id":true,"ip_address_type":true,"load_balancer_arns":true,"load_balancing_algorithm_type":true,"load_balancing_anomaly_mitigation":true,"load_balancing_cross_zone_enabled":true,"name_prefix":true,"preserve_client_ip":true,"protocol_version":true,"stickiness":true,"tags":{},"tags_all":{},"target_failover":true,"target_health_state":true,"vpc_id":true},"before_sensitive":false,"after_sensitive":{"health_check":[{}],"load_balancer_arns":[],"stickiness":[],"tags":{},"tags_all":{},"target_failover":[],"target_health_state":[]}}},{"address":"aws_rds_cluster.aurora_cluster","mode":"managed","type":"aws_rds_cluster","name":"aurora_cluster","provider_name":"registry.terraform.io/hashicorp/aws","change":{"actions":["create"],"before":null,"after":{"allow_major_version_upgrade":null,"backtrack_window":null,"cluster_identifier":"ce-aurora-cluster","copy_tags_to_snapshot":false,"database_name":"production","db_cluster_instance_class":null,"db_instance_parameter_group_name":null,"db_subnet_group_name":"ec-aurora-subnet-group","delete_automated_backups":true,"deletion_protection":true,"domain":null,"domain_iam_role_name":null,"enable_global_write_forwarding":false,"enable_http_endpoint":false,"enable_local_write_forwarding":false,"enabled_cloudwatch_logs_exports":null,"engine":"aurora-postgresql","engine_mode":"provisioned","engine_version":"12.14","final_snapshot_identifier":null,"global_cluster_identifier":null,"iam_database_authentication_enabled":null,"iops":null,"manage_master_user_password":null,"master_password":"vwM?ka816o2eh5v*6.1","master_username":"postgres","replication_source_identifier":null,"restore_to_point_in_time":[],"s3_import":[],"scaling_configuration":[],"serverlessv2_scaling_configuration":[],"skip_final_snapshot":false,"snapshot_identifier":null,"source_region":null,"tags":null,"timeouts":null},"after_unknown":{"allocated_storage":true,"apply_immediately":true,"arn":true,"availability_zones":true,"backup_retention_period":true,"cluster_identifier_prefix":true,"cluster_members":true,"cluster_resource_id":true,"db_cluster_parameter_group_name":true,"db_system_id":true,"endpoint":true,"engine_version_actual":true,"hosted_zone_id":true,"iam_roles":true,"id":true,"kms_key_id":true,"master_user_secret":true,"master_user_secret_kms_key_id":true,"network_type":true,"port":true,"preferred_backup_window":true,"preferred_maintenance_window":true,"reader_endpoint":true,"restore_to_point_in_time":[],"s3_import":[],"scaling_configuration":[],"serverlessv2_scaling_configuration":[],"storage_encrypted":true,"storage_type":true,"tags_all":true,"vpc_security_group_ids":true},"before_sensitive":false,"after_sensitive":{"availability_zones":[],"cluster_members":[],"iam_roles":[],"master_password":true,"master_user_secret":[],"restore_to_point_in_time":[],"s3_import":[],"scaling_configuration":[],"serverlessv2_scaling_configuration":[],"tags_all":{},"vpc_security_group_ids":[]}}},{"address":"aws_rds_cluster_instance.aurora_instance","mode":"managed","type":"aws_rds_cluster_instance","name":"aurora_instance","provider_name":"registry.terraform.io/hashicorp/aws","change":{"actions":["create"],"before":null,"after":{"auto_minor_version_upgrade":true,"copy_tags_to_snapshot":false,"custom_iam_instance_profile":null,"engine":"aurora-postgresql","engine_version":"12.14","instance_class":"db.t3.medium","monitoring_interval":0,"promotion_tier":0,"publicly_accessible":true,"tags":null,"timeouts":null},"after_unknown":{"apply_immediately":true,"arn":true,"availability_zone":true,"ca_cert_identifier":true,"cluster_identifier":true,"db_parameter_group_name":true,"db_subnet_group_name":true,"dbi_resource_id":true,"endpoint":true,"engine_version_actual":true,"id":true,"identifier":true,"identifier_prefix":true,"kms_key_id":true,"monitoring_role_arn":true,"network_type":true,"performance_insights_enabled":true,"performance_insights_kms_key_id":true,"performance_insights_retention_period":true,"port":true,"preferred_backup_window":true,"preferred_maintenance_window":true,"storage_encrypted":true,"tags_all":true,"writer":true},"before_sensitive":false,"after_sensitive":{"tags_all":{}}}},{"address":"aws_route53_record.api_cert_validation","mode":"managed","type":"aws_route53_record","name":"api_cert_validation","provider_name":"registry.terraform.io/hashicorp/aws","change":{"actions":["create"],"before":null,"after":{"alias":[],"cidr_routing_policy":[],"failover_routing_policy":[],"geolocation_routing_policy":[],"geoproximity_routing_policy":[],"health_check_id":null,"latency_routing_policy":[],"multivalue_answer_routing_policy":null,"set_identifier":null,"ttl":60,"weighted_routing_policy":[],"zone_id":"Z03630092POA2AW6LC9G5"},"after_unknown":{"alias":[],"allow_overwrite":true,"cidr_routing_policy":[],"failover_routing_policy":[],"fqdn":true,"geolocation_routing_policy":[],"geoproximity_routing_policy":[],"id":true,"latency_routing_policy":[],"name":true,"records":true,"type":true,"weighted_routing_policy":[]},"before_sensitive":false,"after_sensitive":{"alias":[],"cidr_routing_policy":[],"failover_routing_policy":[],"geolocation_routing_policy":[],"geoproximity_routing_policy":[],"latency_routing_policy":[],"records":[],"weighted_routing_policy":[]}}},{"address":"aws_route53_record.api_dns","mode":"managed","type":"aws_route53_record","name":"api_dns","provider_name":"registry.terraform.io/hashicorp/aws","change":{"actions":["create"],"before":null,"after":{"alias":[{"evaluate_target_health":true}],"cidr_routing_policy":[],"failover_routing_policy":[],"geolocation_routing_policy":[],"geoproximity_routing_policy":[],"health_check_id":null,"latency_routing_policy":[],"multivalue_answer_routing_policy":null,"name":"api2.chatengine.io","records":null,"set_identifier":null,"ttl":null,"type":"A","weighted_routing_policy":[],"zone_id":"Z03630092POA2AW6LC9G5"},"after_unknown":{"alias":[{"name":true,"zone_id":true}],"allow_overwrite":true,"cidr_routing_policy":[],"failover_routing_policy":[],"fqdn":true,"geolocation_routing_policy":[],"geoproximity_routing_policy":[],"id":true,"latency_routing_policy":[],"weighted_routing_policy":[]},"before_sensitive":false,"after_sensitive":{"alias":[{}],"cidr_routing_policy":[],"failover_routing_policy":[],"geolocation_routing_policy":[],"geoproximity_routing_policy":[],"latency_routing_policy":[],"weighted_routing_policy":[]}}},{"address":"aws_route_table.ce_route_table","mode":"managed","type":"aws_route_table","name":"ce_route_table","provider_name":"registry.terraform.io/hashicorp/aws","change":{"actions":["create"],"before":null,"after":{"route":[{"carrier_gateway_id":"","cidr_block":"0.0.0.0/0","core_network_arn":"","destination_prefix_list_id":"","egress_only_gateway_id":"","ipv6_cidr_block":"","local_gateway_id":"","nat_gateway_id":"","network_interface_id":"","transit_gateway_id":"","vpc_endpoint_id":"","vpc_peering_connection_id":""}],"tags":{"Name":"ce-route-table"},"tags_all":{"Name":"ce-route-table"},"timeouts":null},"after_unknown":{"arn":true,"id":true,"owner_id":true,"propagating_vgws":true,"route":[{"gateway_id":true}],"tags":{},"tags_all":{},"vpc_id":true},"before_sensitive":false,"after_sensitive":{"propagating_vgws":[],"route":[{}],"tags":{},"tags_all":{}}}},{"address":"aws_route_table_association.ce_rta1","mode":"managed","type":"aws_route_table_association","name":"ce_rta1","provider_name":"registry.terraform.io/hashicorp/aws","change":{"actions":["create"],"before":null,"after":{"gateway_id":null,"timeouts":null},"after_unknown":{"id":true,"route_table_id":true,"subnet_id":true},"before_sensitive":false,"after_sensitive":{}}},{"address":"aws_route_table_association.ce_rta2","mode":"managed","type":"aws_route_table_association","name":"ce_rta2","provider_name":"registry.terraform.io/hashicorp/aws","change":{"actions":["create"],"before":null,"after":{"gateway_id":null,"timeouts":null},"after_unknown":{"id":true,"route_table_id":true,"subnet_id":true},"before_sensitive":false,"after_sensitive":{}}},{"address":"aws_security_group.db_sg","mode":"managed","type":"aws_security_group","name":"db_sg","provider_name":"registry.terraform.io/hashicorp/aws","change":{"actions":["create"],"before":null,"after":{"description":"Allow public access to Postgres","egress":[{"cidr_blocks":["0.0.0.0/0"],"description":"","from_port":0,"ipv6_cidr_blocks":[],"prefix_list_ids":[],"protocol":"-1","security_groups":[],"self":false,"to_port":0}],"ingress":[{"cidr_blocks":["0.0.0.0/0"],"description":"","from_port":5432,"ipv6_cidr_blocks":[],"prefix_list_ids":[],"protocol":"tcp","security_groups":[],"self":false,"to_port":5432}],"name":"ce-public-postgres-sg","revoke_rules_on_delete":false,"tags":null,"timeouts":null},"after_unknown":{"arn":true,"egress":[{"cidr_blocks":[false],"ipv6_cidr_blocks":[],"prefix_list_ids":[],"security_groups":[]}],"id":true,"ingress":[{"cidr_blocks":[false],"ipv6_cidr_blocks":[],"prefix_list_ids":[],"security_groups":[]}],"name_prefix":true,"owner_id":true,"tags_all":true,"vpc_id":true},"before_sensitive":false,"after_sensitive":{"egress":[{"cidr_blocks":[false],"ipv6_cidr_blocks":[],"prefix_list_ids":[],"security_groups":[]}],"ingress":[{"cidr_blocks":[false],"ipv6_cidr_blocks":[],"prefix_list_ids":[],"security_groups":[]}],"tags_all":{}}}},{"address":"aws_security_group.external_sg","mode":"managed","type":"aws_security_group","name":"external_sg","provider_name":"registry.terraform.io/hashicorp/aws","change":{"actions":["create"],"before":null,"after":{"description":"Security group for HTTPS access","egress":[{"cidr_blocks":["0.0.0.0/0"],"description":"Allow all outbound traffic","from_port":0,"ipv6_cidr_blocks":[],"prefix_list_ids":[],"protocol":"-1","security_groups":[],"self":false,"to_port":0}],"ingress":[{"cidr_blocks":["0.0.0.0/0"],"description":"Allow HTTPS inbound traffic","from_port":443,"ipv6_cidr_blocks":[],"prefix_list_ids":[],"protocol":"tcp","security_groups":[],"self":false,"to_port":443}],"name":"ce-external-sg","revoke_rules_on_delete":false,"tags":{"Name":"HTTPS (External) Security Group"},"tags_all":{"Name":"HTTPS (External) Security Group"},"timeouts":null},"after_unknown":{"arn":true,"egress":[{"cidr_blocks":[false],"ipv6_cidr_blocks":[],"prefix_list_ids":[],"security_groups":[]}],"id":true,"ingress":[{"cidr_blocks":[false],"ipv6_cidr_blocks":[],"prefix_list_ids":[],"security_groups":[]}],"name_prefix":true,"owner_id":true,"tags":{},"tags_all":{},"vpc_id":true},"before_sensitive":false,"after_sensitive":{"egress":[{"cidr_blocks":[false],"ipv6_cidr_blocks":[],"prefix_list_ids":[],"security_groups":[]}],"ingress":[{"cidr_blocks":[false],"ipv6_cidr_blocks":[],"prefix_list_ids":[],"security_groups":[]}],"tags":{},"tags_all":{}}}},{"address":"aws_security_group.internal_sg","mode":"managed","type":"aws_security_group","name":"internal_sg","provider_name":"registry.terraform.io/hashicorp/aws","change":{"actions":["create"],"before":null,"after":{"description":"Security group for internal networking","egress":[{"cidr_blocks":["0.0.0.0/0"],"description":"Allow all outbound traffic","from_port":0,"ipv6_cidr_blocks":[],"prefix_list_ids":[],"protocol":"-1","security_groups":[],"self":false,"to_port":0}],"ingress":[{"cidr_blocks":["10.0.0.0/16"],"description":"Allow all inbound traffic","from_port":0,"ipv6_cidr_blocks":[],"prefix_list_ids":[],"protocol":"-1","security_groups":[],"self":false,"to_port":0}],"name":"ce-internal-sg","revoke_rules_on_delete":false,"tags":{"Name":"All (Internal) Security Group"},"tags_all":{"Name":"All (Internal) Security Group"},"timeouts":null},"after_unknown":{"arn":true,"egress":[{"cidr_blocks":[false],"ipv6_cidr_blocks":[],"prefix_list_ids":[],"security_groups":[]}],"id":true,"ingress":[{"cidr_blocks":[false],"ipv6_cidr_blocks":[],"prefix_list_ids":[],"security_groups":[]}],"name_prefix":true,"owner_id":true,"tags":{},"tags_all":{},"vpc_id":true},"before_sensitive":false,"after_sensitive":{"egress":[{"cidr_blocks":[false],"ipv6_cidr_blocks":[],"prefix_list_ids":[],"security_groups":[]}],"ingress":[{"cidr_blocks":[false],"ipv6_cidr_blocks":[],"prefix_list_ids":[],"security_groups":[]}],"tags":{},"tags_all":{}}}},{"address":"aws_subnet.subnet1","mode":"managed","type":"aws_subnet","name":"subnet1","provider_name":"registry.terraform.io/hashicorp/aws","change":{"actions":["create"],"before":null,"after":{"assign_ipv6_address_on_creation":false,"availability_zone":"us-east-1a","cidr_block":"10.0.1.0/24","customer_owned_ipv4_pool":null,"enable_dns64":false,"enable_lni_at_device_index":null,"enable_resource_name_dns_a_record_on_launch":false,"enable_resource_name_dns_aaaa_record_on_launch":false,"ipv6_cidr_block":null,"ipv6_native":false,"map_customer_owned_ip_on_launch":null,"map_public_ip_on_launch":true,"outpost_arn":null,"tags":{"Name":"ce-public-subnet1"},"tags_all":{"Name":"ce-public-subnet1"},"timeouts":null},"after_unknown":{"arn":true,"availability_zone_id":true,"id":true,"ipv6_cidr_block_association_id":true,"owner_id":true,"private_dns_hostname_type_on_launch":true,"tags":{},"tags_all":{},"vpc_id":true},"before_sensitive":false,"after_sensitive":{"tags":{},"tags_all":{}}}},{"address":"aws_subnet.subnet2","mode":"managed","type":"aws_subnet","name":"subnet2","provider_name":"registry.terraform.io/hashicorp/aws","change":{"actions":["create"],"before":null,"after":{"assign_ipv6_address_on_creation":false,"availability_zone":"us-east-1b","cidr_block":"10.0.2.0/24","customer_owned_ipv4_pool":null,"enable_dns64":false,"enable_lni_at_device_index":null,"enable_resource_name_dns_a_record_on_launch":false,"enable_resource_name_dns_aaaa_record_on_launch":false,"ipv6_cidr_block":null,"ipv6_native":false,"map_customer_owned_ip_on_launch":null,"map_public_ip_on_launch":true,"outpost_arn":null,"tags":{"Name":"ce-public-subnet2"},"tags_all":{"Name":"ce-public-subnet2"},"timeouts":null},"after_unknown":{"arn":true,"availability_zone_id":true,"id":true,"ipv6_cidr_block_association_id":true,"owner_id":true,"private_dns_hostname_type_on_launch":true,"tags":{},"tags_all":{},"vpc_id":true},"before_sensitive":false,"after_sensitive":{"tags":{},"tags_all":{}}}},{"address":"aws_vpc.ce_vpc","mode":"managed","type":"aws_vpc","name":"ce_vpc","provider_name":"registry.terraform.io/hashicorp/aws","change":{"actions":["create"],"before":null,"after":{"assign_generated_ipv6_cidr_block":null,"cidr_block":"10.0.0.0/16","enable_dns_hostnames":true,"enable_dns_support":true,"instance_tenancy":"default","ipv4_ipam_pool_id":null,"ipv4_netmask_length":null,"ipv6_ipam_pool_id":null,"ipv6_netmask_length":null,"tags":{"Name":"ce-vpc"},"tags_all":{"Name":"ce-vpc"}},"after_unknown":{"arn":true,"default_network_acl_id":true,"default_route_table_id":true,"default_security_group_id":true,"dhcp_options_id":true,"enable_network_address_usage_metrics":true,"id":true,"ipv6_association_id":true,"ipv6_cidr_block":true,"ipv6_cidr_block_network_border_group":true,"main_route_table_id":true,"owner_id":true,"tags":{},"tags_all":{}},"before_sensitive":false,"after_sensitive":{"tags":{},"tags_all":{}}}}],"configuration":{"provider_config":{"aws":{"name":"aws","full_name":"registry.terraform.io/hashicorp/aws","expressions":{"region":{"constant_value":"us-east-1"}}}},"root_module":{"resources":[{"address":"aws_acm_certificate.api_cert","mode":"managed","type":"aws_acm_certificate","name":"api_cert","provider_config_key":"aws","expressions":{"domain_name":{"references":["var.domain_name"]},"tags":{"constant_value":{"Environment":"production"}},"validation_method":{"constant_value":"DNS"}},"schema_version":0},{"address":"aws_acm_certificate_validation.api_cert_validation","mode":"managed","type":"aws_acm_certificate_validation","name":"api_cert_validation","provider_config_key":"aws","expressions":{"certificate_arn":{"references":["aws_acm_certificate.api_cert.arn","aws_acm_certificate.api_cert"]},"validation_record_fqdns":{"references":["aws_route53_record.api_cert_validation.fqdn","aws_route53_record.api_cert_validation"]}},"schema_version":0},{"address":"aws_cloudwatch_log_group.ce_api_log_group","mode":"managed","type":"aws_cloudwatch_log_group","name":"ce_api_log_group","provider_config_key":"aws","expressions":{"name":{"constant_value":"/ecs/apichatengine"},"retention_in_days":{"constant_value":1}},"schema_version":0},{"address":"aws_cloudwatch_log_group.ce_ws_log_group","mode":"managed","type":"aws_cloudwatch_log_group","name":"ce_ws_log_group","provider_config_key":"aws","expressions":{"name":{"constant_value":"/ecs/wschatengine"},"retention_in_days":{"constant_value":1}},"schema_version":0},{"address":"aws_db_subnet_group.aurora_subnet_group","mode":"managed","type":"aws_db_subnet_group","name":"aurora_subnet_group","provider_config_key":"aws","expressions":{"name":{"constant_value":"ec-aurora-subnet-group"},"subnet_ids":{"references":["aws_subnet.subnet1.id","aws_subnet.subnet1","aws_subnet.subnet2.id","aws_subnet.subnet2"]}},"schema_version":0},{"address":"aws_ecs_cluster.ce_cluster","mode":"managed","type":"aws_ecs_cluster","name":"ce_cluster","provider_config_key":"aws","expressions":{"name":{"constant_value":"ce-api-cluster"}},"schema_version":0},{"address":"aws_ecs_service.ce_api_service","mode":"managed","type":"aws_ecs_service","name":"ce_api_service","provider_config_key":"aws","expressions":{"cluster":{"references":["aws_ecs_cluster.ce_cluster.id","aws_ecs_cluster.ce_cluster"]},"desired_count":{"constant_value":1},"launch_type":{"constant_value":"FARGATE"},"load_balancer":[{"container_name":{"constant_value":"apichatengine"},"container_port":{"constant_value":8080},"target_group_arn":{"references":["aws_lb_target_group.ce_api_tg.arn","aws_lb_target_group.ce_api_tg"]}}],"name":{"constant_value":"apichatengine-service"},"network_configuration":[{"assign_public_ip":{"constant_value":true},"security_groups":{"references":["aws_security_group.internal_sg.id","aws_security_group.internal_sg"]},"subnets":{"references":["aws_subnet.subnet1.id","aws_subnet.subnet1","aws_subnet.subnet2.id","aws_subnet.subnet2"]}}],"task_definition":{"references":["aws_ecs_task_definition.ce_api_td.arn","aws_ecs_task_definition.ce_api_td"]}},"schema_version":0,"depends_on":["aws_iam_role_policy_attachment.ecs_task_execution"]},{"address":"aws_ecs_service.ce_ws_service","mode":"managed","type":"aws_ecs_service","name":"ce_ws_service","provider_config_key":"aws","expressions":{"cluster":{"references":["aws_ecs_cluster.ce_cluster.id","aws_ecs_cluster.ce_cluster"]},"desired_count":{"constant_value":1},"launch_type":{"constant_value":"FARGATE"},"load_balancer":[{"container_name":{"constant_value":"wschatengine"},"container_port":{"constant_value":9001},"target_group_arn":{"references":["aws_lb_target_group.ce_ws_tg.arn","aws_lb_target_group.ce_ws_tg"]}}],"name":{"constant_value":"wschatengine-service"},"network_configuration":[{"assign_public_ip":{"constant_value":true},"security_groups":{"references":["aws_security_group.internal_sg.id","aws_security_group.internal_sg"]},"subnets":{"references":["aws_subnet.subnet1.id","aws_subnet.subnet1","aws_subnet.subnet2.id","aws_subnet.subnet2"]}}],"task_definition":{"references":["aws_ecs_task_definition.ce_ws_td.arn","aws_ecs_task_definition.ce_ws_td"]}},"schema_version":0,"depends_on":["aws_iam_role_policy_attachment.ecs_task_execution"]},{"address":"aws_ecs_task_definition.ce_api_td","mode":"managed","type":"aws_ecs_task_definition","name":"ce_api_td","provider_config_key":"aws","expressions":{"container_definitions":{"references":["var.image_tag_api","var.api_url","var.aws_access_key_id","var.aws_secret_access_key","var.aws_storage_bucket_name","aws_rds_cluster.aurora_cluster.endpoint","aws_rds_cluster.aurora_cluster","aws_rds_cluster.aurora_cluster.port","aws_rds_cluster.aurora_cluster","var.db_name","var.db_username","var.db_password","var.pipeline","aws_elasticache_cluster.redis_cluster.cache_nodes[0].address","aws_elasticache_cluster.redis_cluster.cache_nodes[0]","aws_elasticache_cluster.redis_cluster.cache_nodes","aws_elasticache_cluster.redis_cluster","aws_elasticache_cluster.redis_cluster.port","aws_elasticache_cluster.redis_cluster","var.secret_key","var.send_grid_key","var.sentry_dsn_api","var.stripe_key","var.stripe_light_plan","var.stripe_production_plan","var.stripe_professional_plan","var.stripe_tax_rate"]},"cpu":{"constant_value":"256"},"execution_role_arn":{"references":["aws_iam_role.ecs_task_execution_role.arn","aws_iam_role.ecs_task_execution_role"]},"family":{"constant_value":"apichatengine"},"memory":{"constant_value":"512"},"network_mode":{"constant_value":"awsvpc"},"requires_compatibilities":{"constant_value":["FARGATE"]}},"schema_version":1},{"address":"aws_ecs_task_definition.ce_ws_td","mode":"managed","type":"aws_ecs_task_definition","name":"ce_ws_td","provider_config_key":"aws","expressions":{"container_definitions":{"references":["var.image_tag_ws","var.api_url","var.pipeline","aws_elasticache_cluster.redis_cluster.cache_nodes[0].address","aws_elasticache_cluster.redis_cluster.cache_nodes[0]","aws_elasticache_cluster.redis_cluster.cache_nodes","aws_elasticache_cluster.redis_cluster","aws_elasticache_cluster.redis_cluster.port","aws_elasticache_cluster.redis_cluster","var.sentry_dsn_ws"]},"cpu":{"constant_value":"256"},"execution_role_arn":{"references":["aws_iam_role.ecs_task_execution_role.arn","aws_iam_role.ecs_task_execution_role"]},"family":{"constant_value":"wschatengine"},"memory":{"constant_value":"512"},"network_mode":{"constant_value":"awsvpc"},"requires_compatibilities":{"constant_value":["FARGATE"]}},"schema_version":1},{"address":"aws_elasticache_cluster.redis_cluster","mode":"managed","type":"aws_elasticache_cluster","name":"redis_cluster","provider_config_key":"aws","expressions":{"cluster_id":{"constant_value":"redis-cluster"},"engine":{"constant_value":"redis"},"node_type":{"constant_value":"cache.t3.micro"},"num_cache_nodes":{"constant_value":1},"parameter_group_name":{"constant_value":"default.redis7"},"port":{"constant_value":6379},"security_group_ids":{"references":["aws_security_group.internal_sg.id","aws_security_group.internal_sg"]},"subnet_group_name":{"references":["aws_elasticache_subnet_group.redis_subnet_group.name","aws_elasticache_subnet_group.redis_subnet_group"]},"tags":{"constant_value":{"Name":"redis-cluster"}}},"schema_version":0},{"address":"aws_elasticache_subnet_group.redis_subnet_group","mode":"managed","type":"aws_elasticache_subnet_group","name":"redis_subnet_group","provider_config_key":"aws","expressions":{"name":{"constant_value":"redis-subnet-group"},"subnet_ids":{"references":["aws_subnet.subnet1.id","aws_subnet.subnet1","aws_subnet.subnet2.id","aws_subnet.subnet2"]},"tags":{"constant_value":{"Name":"redis-subnet-group"}}},"schema_version":0},{"address":"aws_iam_role.ecs_task_execution_role","mode":"managed","type":"aws_iam_role","name":"ecs_task_execution_role","provider_config_key":"aws","expressions":{"assume_role_policy":{},"name":{"constant_value":"ecs_task_execution_role"}},"schema_version":0},{"address":"aws_iam_role_policy_attachment.ecs_task_execution","mode":"managed","type":"aws_iam_role_policy_attachment","name":"ecs_task_execution","provider_config_key":"aws","expressions":{"policy_arn":{"constant_value":"arn:aws:iam::aws:policy/service-role/AmazonECSTaskExecutionRolePolicy"},"role":{"references":["aws_iam_role.ecs_task_execution_role.name","aws_iam_role.ecs_task_execution_role"]}},"schema_version":0},{"address":"aws_iam_role_policy_attachment.ecs_task_execution_ecr","mode":"managed","type":"aws_iam_role_policy_attachment","name":"ecs_task_execution_ecr","provider_config_key":"aws","expressions":{"policy_arn":{"constant_value":"arn:aws:iam::aws:policy/AmazonEC2ContainerRegistryReadOnly"},"role":{"references":["aws_iam_role.ecs_task_execution_role.name","aws_iam_role.ecs_task_execution_role"]}},"schema_version":0},{"address":"aws_internet_gateway.ce_igw","mode":"managed","type":"aws_internet_gateway","name":"ce_igw","provider_config_key":"aws","expressions":{"tags":{"constant_value":{"Name":"ce-internet-gateway"}},"vpc_id":{"references":["aws_vpc.ce_vpc.id","aws_vpc.ce_vpc"]}},"schema_version":0},{"address":"aws_lb.ce_alb","mode":"managed","type":"aws_lb","name":"ce_alb","provider_config_key":"aws","expressions":{"internal":{"constant_value":false},"load_balancer_type":{"constant_value":"application"},"name":{"constant_value":"ce-alb"},"security_groups":{"references":["aws_security_group.external_sg.id","aws_security_group.external_sg"]},"subnets":{"references":["aws_subnet.subnet1.id","aws_subnet.subnet1","aws_subnet.subnet2.id","aws_subnet.subnet2"]},"tags":{"constant_value":{"Name":"ce-load-balancer"}}},"schema_version":0},{"address":"aws_lb_listener.ce_api_listener","mode":"managed","type":"aws_lb_listener","name":"ce_api_listener","provider_config_key":"aws","expressions":{"certificate_arn":{"references":["aws_acm_certificate.api_cert.arn","aws_acm_certificate.api_cert"]},"default_action":[{"target_group_arn":{"references":["aws_lb_target_group.ce_api_tg.arn","aws_lb_target_group.ce_api_tg"]},"type":{"constant_value":"forward"}}],"load_balancer_arn":{"references":["aws_lb.ce_alb.arn","aws_lb.ce_alb"]},"port":{"constant_value":443},"protocol":{"constant_value":"HTTPS"},"ssl_policy":{"constant_value":"ELBSecurityPolicy-2016-08"}},"schema_version":0},{"address":"aws_lb_listener_rule.ce_api_listener_rule","mode":"managed","type":"aws_lb_listener_rule","name":"ce_api_listener_rule","provider_config_key":"aws","expressions":{"action":[{"target_group_arn":{"references":["aws_lb_target_group.ce_api_tg.arn","aws_lb_target_group.ce_api_tg"]},"type":{"constant_value":"forward"}}],"condition":[{"path_pattern":[{"values":{"constant_value":["/*"]}}]}],"listener_arn":{"references":["aws_lb_listener.ce_api_listener.arn","aws_lb_listener.ce_api_listener"]},"priority":{"constant_value":100}},"schema_version":0},{"address":"aws_lb_listener_rule.ce_ws_listener_rule","mode":"managed","type":"aws_lb_listener_rule","name":"ce_ws_listener_rule","provider_config_key":"aws","expressions":{"action":[{"target_group_arn":{"references":["aws_lb_target_group.ce_ws_tg.arn","aws_lb_target_group.ce_ws_tg"]},"type":{"constant_value":"forward"}}],"condition":[{"path_pattern":[{"values":{"constant_value":["/person_v4/*","/chat/*"]}}]}],"listener_arn":{"references":["aws_lb_listener.ce_api_listener.arn","aws_lb_listener.ce_api_listener"]},"priority":{"constant_value":90}},"schema_version":0},{"address":"aws_lb_target_group.ce_api_tg","mode":"managed","type":"aws_lb_target_group","name":"ce_api_tg","provider_config_key":"aws","expressions":{"health_check":[{"healthy_threshold":{"constant_value":2},"interval":{"constant_value":30},"matcher":{"constant_value":"200"},"path":{"constant_value":"/health/"},"port":{"constant_value":"8080"},"protocol":{"constant_value":"HTTP"},"timeout":{"constant_value":5},"unhealthy_threshold":{"constant_value":2}}],"name":{"constant_value":"apichatengine-target-group"},"port":{"constant_value":8080},"protocol":{"constant_value":"HTTP"},"tags":{"constant_value":{"Name":"apichatengine-target-group"}},"target_type":{"constant_value":"ip"},"vpc_id":{"references":["aws_vpc.ce_vpc.id","aws_vpc.ce_vpc"]}},"schema_version":0},{"address":"aws_lb_target_group.ce_ws_tg","mode":"managed","type":"aws_lb_target_group","name":"ce_ws_tg","provider_config_key":"aws","expressions":{"health_check":[{"healthy_threshold":{"constant_value":2},"interval":{"constant_value":30},"matcher":{"constant_value":"200"},"path":{"constant_value":"/health/"},"port":{"constant_value":"9001"},"protocol":{"constant_value":"HTTP"},"timeout":{"constant_value":5},"unhealthy_threshold":{"constant_value":2}}],"name":{"constant_value":"ws-target-group"},"port":{"constant_value":9001},"protocol":{"constant_value":"HTTP"},"tags":{"constant_value":{"Name":"ws-target-group"}},"target_type":{"constant_value":"ip"},"vpc_id":{"references":["aws_vpc.ce_vpc.id","aws_vpc.ce_vpc"]}},"schema_version":0},{"address":"aws_rds_cluster.aurora_cluster","mode":"managed","type":"aws_rds_cluster","name":"aurora_cluster","provider_config_key":"aws","expressions":{"cluster_identifier":{"constant_value":"ce-aurora-cluster"},"database_name":{"references":["var.db_name"]},"db_subnet_group_name":{"references":["aws_db_subnet_group.aurora_subnet_group.name","aws_db_subnet_group.aurora_subnet_group"]},"deletion_protection":{"constant_value":true},"engine":{"constant_value":"aurora-postgresql"},"engine_version":{"references":["var.db_engine_version"]},"master_password":{"references":["var.db_password"]},"master_username":{"references":["var.db_username"]},"vpc_security_group_ids":{"references":["aws_security_group.db_sg.id","aws_security_group.db_sg"]}},"schema_version":1},{"address":"aws_rds_cluster_instance.aurora_instance","mode":"managed","type":"aws_rds_cluster_instance","name":"aurora_instance","provider_config_key":"aws","expressions":{"cluster_identifier":{"references":["aws_rds_cluster.aurora_cluster.id","aws_rds_cluster.aurora_cluster"]},"engine":{"references":["aws_rds_cluster.aurora_cluster.engine","aws_rds_cluster.aurora_cluster"]},"engine_version":{"references":["aws_rds_cluster.aurora_cluster.engine_version","aws_rds_cluster.aurora_cluster"]},"instance_class":{"constant_value":"db.t3.medium"},"publicly_accessible":{"constant_value":true}},"schema_version":0},{"address":"aws_route53_record.api_cert_validation","mode":"managed","type":"aws_route53_record","name":"api_cert_validation","provider_config_key":"aws","expressions":{"name":{"references":["aws_acm_certificate.api_cert.domain_validation_options","aws_acm_certificate.api_cert"]},"records":{"references":["aws_acm_certificate.api_cert.domain_validation_options","aws_acm_certificate.api_cert"]},"ttl":{"constant_value":60},"type":{"references":["aws_acm_certificate.api_cert.domain_validation_options","aws_acm_certificate.api_cert"]},"zone_id":{"references":["var.zone_id"]}},"schema_version":2},{"address":"aws_route53_record.api_dns","mode":"managed","type":"aws_route53_record","name":"api_dns","provider_config_key":"aws","expressions":{"alias":[{"evaluate_target_health":{"constant_value":true},"name":{"references":["aws_lb.ce_alb.dns_name","aws_lb.ce_alb"]},"zone_id":{"references":["aws_lb.ce_alb.zone_id","aws_lb.ce_alb"]}}],"name":{"references":["var.domain_name"]},"type":{"constant_value":"A"},"zone_id":{"references":["var.zone_id"]}},"schema_version":2},{"address":"aws_route_table.ce_route_table","mode":"managed","type":"aws_route_table","name":"ce_route_table","provider_config_key":"aws","expressions":{"route":{"references":["aws_internet_gateway.ce_igw.id","aws_internet_gateway.ce_igw"]},"tags":{"constant_value":{"Name":"ce-route-table"}},"vpc_id":{"references":["aws_vpc.ce_vpc.id","aws_vpc.ce_vpc"]}},"schema_version":0},{"address":"aws_route_table_association.ce_rta1","mode":"managed","type":"aws_route_table_association","name":"ce_rta1","provider_config_key":"aws","expressions":{"route_table_id":{"references":["aws_route_table.ce_route_table.id","aws_route_table.ce_route_table"]},"subnet_id":{"references":["aws_subnet.subnet1.id","aws_subnet.subnet1"]}},"schema_version":0},{"address":"aws_route_table_association.ce_rta2","mode":"managed","type":"aws_route_table_association","name":"ce_rta2","provider_config_key":"aws","expressions":{"route_table_id":{"references":["aws_route_table.ce_route_table.id","aws_route_table.ce_route_table"]},"subnet_id":{"references":["aws_subnet.subnet2.id","aws_subnet.subnet2"]}},"schema_version":0},{"address":"aws_security_group.db_sg","mode":"managed","type":"aws_security_group","name":"db_sg","provider_config_key":"aws","expressions":{"description":{"constant_value":"Allow public access to Postgres"},"egress":{"constant_value":[{"cidr_blocks":["0.0.0.0/0"],"description":null,"from_port":0,"ipv6_cidr_blocks":null,"prefix_list_ids":null,"protocol":"-1","security_groups":null,"self":null,"to_port":0}]},"ingress":{"constant_value":[{"cidr_blocks":["0.0.0.0/0"],"description":null,"from_port":5432,"ipv6_cidr_blocks":null,"prefix_list_ids":null,"protocol":"tcp","security_groups":null,"self":null,"to_port":5432}]},"name":{"constant_value":"ce-public-postgres-sg"},"vpc_id":{"references":["aws_vpc.ce_vpc.id","aws_vpc.ce_vpc"]}},"schema_version":1},{"address":"aws_security_group.external_sg","mode":"managed","type":"aws_security_group","name":"external_sg","provider_config_key":"aws","expressions":{"description":{"constant_value":"Security group for HTTPS access"},"egress":{"constant_value":[{"cidr_blocks":["0.0.0.0/0"],"description":"Allow all outbound traffic","from_port":0,"ipv6_cidr_blocks":null,"prefix_list_ids":null,"protocol":"-1","security_groups":null,"self":null,"to_port":0}]},"ingress":{"constant_value":[{"cidr_blocks":["0.0.0.0/0"],"description":"Allow HTTPS inbound traffic","from_port":443,"ipv6_cidr_blocks":null,"prefix_list_ids":null,"protocol":"tcp","security_groups":null,"self":null,"to_port":443}]},"name":{"constant_value":"ce-external-sg"},"tags":{"constant_value":{"Name":"HTTPS (External) Security Group"}},"vpc_id":{"references":["aws_vpc.ce_vpc.id","aws_vpc.ce_vpc"]}},"schema_version":1},{"address":"aws_security_group.internal_sg","mode":"managed","type":"aws_security_group","name":"internal_sg","provider_config_key":"aws","expressions":{"description":{"constant_value":"Security group for internal networking"},"egress":{"constant_value":[{"cidr_blocks":["0.0.0.0/0"],"description":"Allow all outbound traffic","from_port":0,"ipv6_cidr_blocks":null,"prefix_list_ids":null,"protocol":"-1","security_groups":null,"self":null,"to_port":0}]},"ingress":{"references":["aws_vpc.ce_vpc.cidr_block","aws_vpc.ce_vpc"]},"name":{"constant_value":"ce-internal-sg"},"tags":{"constant_value":{"Name":"All (Internal) Security Group"}},"vpc_id":{"references":["aws_vpc.ce_vpc.id","aws_vpc.ce_vpc"]}},"schema_version":1},{"address":"aws_subnet.subnet1","mode":"managed","type":"aws_subnet","name":"subnet1","provider_config_key":"aws","expressions":{"availability_zone":{"constant_value":"us-east-1a"},"cidr_block":{"constant_value":"10.0.1.0/24"},"map_public_ip_on_launch":{"constant_value":true},"tags":{"constant_value":{"Name":"ce-public-subnet1"}},"vpc_id":{"references":["aws_vpc.ce_vpc.id","aws_vpc.ce_vpc"]}},"schema_version":1},{"address":"aws_subnet.subnet2","mode":"managed","type":"aws_subnet","name":"subnet2","provider_config_key":"aws","expressions":{"availability_zone":{"constant_value":"us-east-1b"},"cidr_block":{"constant_value":"10.0.2.0/24"},"map_public_ip_on_launch":{"constant_value":true},"tags":{"constant_value":{"Name":"ce-public-subnet2"}},"vpc_id":{"references":["aws_vpc.ce_vpc.id","aws_vpc.ce_vpc"]}},"schema_version":1},{"address":"aws_vpc.ce_vpc","mode":"managed","type":"aws_vpc","name":"ce_vpc","provider_config_key":"aws","expressions":{"cidr_block":{"constant_value":"10.0.0.0/16"},"enable_dns_hostnames":{"constant_value":true},"enable_dns_support":{"constant_value":true},"tags":{"constant_value":{"Name":"ce-vpc"}}},"schema_version":1}],"variables":{"api_url":{"description":"URL for api.chatengine.io"},"aws_access_key_id":{"description":"AWS Access Key ID"},"aws_secret_access_key":{"description":"AWS Secret Access Key"},"aws_storage_bucket_name":{"description":"AWS Storage Bucket Name"},"db_engine_version":{"default":"12.14"},"db_host":{"description":"The host of Postgres DB."},"db_name":{"description":"The name of Postgres DB."},"db_password":{"description":"The user password of Postgres DB."},"db_port":{"description":"The port of Postgres DB."},"db_username":{"description":"The user name of Postgres DB."},"domain_name":{"description":"Domain Name"},"image_tag_api":{"description":"The tag for the api.chatengine.io Docker image."},"image_tag_ws":{"description":"The tag for the ws.chatengine.io Docker image."},"pipeline":{"description":"The pipeline: local | production"},"redis_host":{"description":"Redis Host"},"redis_port":{"description":"Redis Port"},"secret_key":{"description":"Django's Secret Key for DB salting"},"send_grid_key":{"description":"SendGrid API Key"},"sentry_dsn_api":{"description":"Sentry DSN for api.chatengine.io"},"sentry_dsn_ws":{"description":"Sentry DSN for ws.chatengine.io"},"stripe_key":{"description":"Stripe API Key"},"stripe_light_plan":{"description":"Stripe Light Plan"},"stripe_production_plan":{"description":"Stripe Production Plan"},"stripe_professional_plan":{"description":"Stripe Professional Plan"},"stripe_tax_rate":{"description":"Stripe Tax Rate"},"zone_id":{"description":"Route53 Zone ID"}}}},"relevant_attributes":[{"resource":"aws_security_group.internal_sg","attribute":["id"]},{"resource":"aws_lb_target_group.ce_api_tg","attribute":["arn"]},{"resource":"aws_rds_cluster.aurora_cluster","attribute":["port"]},{"resource":"aws_ecs_task_definition.ce_api_td","attribute":["arn"]},{"resource":"aws_vpc.ce_vpc","attribute":["id"]},{"resource":"aws_elasticache_subnet_group.redis_subnet_group","attribute":["name"]},{"resource":"aws_acm_certificate.api_cert","attribute":["arn"]},{"resource":"aws_route53_record.api_cert_validation","attribute":["fqdn"]},{"resource":"aws_subnet.subnet1","attribute":["id"]},{"resource":"aws_lb.ce_alb","attribute":["zone_id"]},{"resource":"aws_lb.ce_alb","attribute":["arn"]},{"resource":"aws_iam_role.ecs_task_execution_role","attribute":["arn"]},{"resource":"aws_iam_role.ecs_task_execution_role","attribute":["name"]},{"resource":"aws_elasticache_cluster.redis_cluster","attribute":["cache_nodes",0,"address"]},{"resource":"aws_lb_target_group.ce_ws_tg","attribute":["arn"]},{"resource":"aws_subnet.subnet2","attribute":["id"]},{"resource":"aws_rds_cluster.aurora_cluster","attribute":["id"]},{"resource":"aws_ecs_cluster.ce_cluster","attribute":["id"]},{"resource":"aws_route_table.ce_route_table","attribute":["id"]},{"resource":"aws_elasticache_cluster.redis_cluster","attribute":["port"]},{"resource":"aws_rds_cluster.aurora_cluster","attribute":["engine"]},{"resource":"aws_lb_listener.ce_api_listener","attribute":["arn"]},{"resource":"aws_vpc.ce_vpc","attribute":["cidr_block"]},{"resource":"aws_security_group.external_sg","attribute":["id"]},{"resource":"aws_lb.ce_alb","attribute":["dns_name"]},{"resource":"aws_rds_cluster.aurora_cluster","attribute":["engine_version"]},{"resource":"aws_rds_cluster.aurora_cluster","attribute":["endpoint"]},{"resource":"aws_acm_certificate.api_cert","attribute":["domain_validation_options"]},{"resource":"aws_security_group.db_sg","attribute":["id"]},{"resource":"aws_db_subnet_group.aurora_subnet_group","attribute":["name"]},{"resource":"aws_ecs_task_definition.ce_ws_td","attribute":["arn"]},{"resource":"aws_internet_gateway.ce_igw","attribute":["id"]}],"timestamp":"2024-05-25T21:39:11Z","errored":false}
